
Microsoft Visual Studio Solution File, Format Version 12.00
# Visual Studio Version 16
VisualStudioVersion = 16.0.31424.327
MinimumVisualStudioVersion = 10.0.40219.1
Project("{2150E333-8FDC-42A3-9474-1A3956D46DE8}") = "src", "src", "{19ACBC7D-EB6E-47EE-848F-BB37A04623AF}"
EndProject
Project("{2150E333-8FDC-42A3-9474-1A3956D46DE8}") = "buildingBlocks", "buildingBlocks", "{A899BB18-4A7C-4502-9D8A-E92906C954C2}"
EndProject
Project("{2150E333-8FDC-42A3-9474-1A3956D46DE8}") = "web", "web", "{C045134A-B409-4FE0-8629-4A09C13BDE1D}"
EndProject
Project("{2150E333-8FDC-42A3-9474-1A3956D46DE8}") = "services", "services", "{480C6807-AA68-4F68-AE00-2B8549BA4694}"
EndProject
Project("{2150E333-8FDC-42A3-9474-1A3956D46DE8}") = "Identidade", "Identidade", "{95173C6D-E127-421F-B9EC-16B60D9F59EA}"
EndProject
Project("{FAE04EC0-301F-11D3-BF4B-00C04F79EFBC}") = "TTA.Identidade.API", "src\services\TTA.Identidade.API\TTA.Identidade.API.csproj", "{5CB38A44-B80B-4F1C-AEAA-3CEEEA636E8E}"
EndProject
Project("{2150E333-8FDC-42A3-9474-1A3956D46DE8}") = "MVC", "MVC", "{9C4817DB-C65A-40E5-9754-B9155175E8DD}"
EndProject
Project("{FAE04EC0-301F-11D3-BF4B-00C04F79EFBC}") = "TTA.WebApp.MVC", "src\web\TTA.WebApp.MVC\TTA.WebApp.MVC.csproj", "{28533214-9030-48B5-8477-4511BD142EBC}"
EndProject
Project("{2150E333-8FDC-42A3-9474-1A3956D46DE8}") = "core", "core", "{B74641D9-F9C2-4BB9-A746-F4EC93C41B86}"
EndProject
Project("{FAE04EC0-301F-11D3-BF4B-00C04F79EFBC}") = "TTA.Core", "src\buildingBlocks\TTA.Core\TTA.Core.csproj", "{AA0D24B3-D93D-42F4-BB22-BB9674F91D66}"
EndProject
Project("{2150E333-8FDC-42A3-9474-1A3956D46DE8}") = "Eventos", "Eventos", "{49A749C4-67D2-4A18-BEF9-2DB41404CF2F}"
EndProject
Project("{FAE04EC0-301F-11D3-BF4B-00C04F79EFBC}") = "TTA.Eventos", "src\services\TTA.Eventos\TTA.Eventos.csproj", "{46940BFF-C739-4031-A328-A1CB51C4FBC2}"
EndProject
Global
	GlobalSection(SolutionConfigurationPlatforms) = preSolution
		Debug|Any CPU = Debug|Any CPU
		Release|Any CPU = Release|Any CPU
	EndGlobalSection
	GlobalSection(ProjectConfigurationPlatforms) = postSolution
		{5CB38A44-B80B-4F1C-AEAA-3CEEEA636E8E}.Debug|Any CPU.ActiveCfg = Debug|Any CPU
		{5CB38A44-B80B-4F1C-AEAA-3CEEEA636E8E}.Debug|Any CPU.Build.0 = Debug|Any CPU
		{5CB38A44-B80B-4F1C-AEAA-3CEEEA636E8E}.Release|Any CPU.ActiveCfg = Release|Any CPU
		{5CB38A44-B80B-4F1C-AEAA-3CEEEA636E8E}.Release|Any CPU.Build.0 = Release|Any CPU
		{28533214-9030-48B5-8477-4511BD142EBC}.Debug|Any CPU.ActiveCfg = Debug|Any CPU
		{28533214-9030-48B5-8477-4511BD142EBC}.Debug|Any CPU.Build.0 = Debug|Any CPU
		{28533214-9030-48B5-8477-4511BD142EBC}.Release|Any CPU.ActiveCfg = Release|Any CPU
		{28533214-9030-48B5-8477-4511BD142EBC}.Release|Any CPU.Build.0 = Release|Any CPU
		{AA0D24B3-D93D-42F4-BB22-BB9674F91D66}.Debug|Any CPU.ActiveCfg = Debug|Any CPU
		{AA0D24B3-D93D-42F4-BB22-BB9674F91D66}.Debug|Any CPU.Build.0 = Debug|Any CPU
		{AA0D24B3-D93D-42F4-BB22-BB9674F91D66}.Release|Any CPU.ActiveCfg = Release|Any CPU
		{AA0D24B3-D93D-42F4-BB22-BB9674F91D66}.Release|Any CPU.Build.0 = Release|Any CPU
		{46940BFF-C739-4031-A328-A1CB51C4FBC2}.Debug|Any CPU.ActiveCfg = Debug|Any CPU
		{46940BFF-C739-4031-A328-A1CB51C4FBC2}.Debug|Any CPU.Build.0 = Debug|Any CPU
		{46940BFF-C739-4031-A328-A1CB51C4FBC2}.Release|Any CPU.ActiveCfg = Release|Any CPU
		{46940BFF-C739-4031-A328-A1CB51C4FBC2}.Release|Any CPU.Build.0 = Release|Any CPU
	EndGlobalSection
	GlobalSection(SolutionProperties) = preSolution
		HideSolutionNode = FALSE
	EndGlobalSection
	GlobalSection(NestedProjects) = preSolution
		{A899BB18-4A7C-4502-9D8A-E92906C954C2} = {19ACBC7D-EB6E-47EE-848F-BB37A04623AF}
		{C045134A-B409-4FE0-8629-4A09C13BDE1D} = {19ACBC7D-EB6E-47EE-848F-BB37A04623AF}
		{480C6807-AA68-4F68-AE00-2B8549BA4694} = {19ACBC7D-EB6E-47EE-848F-BB37A04623AF}
		{95173C6D-E127-421F-B9EC-16B60D9F59EA} = {480C6807-AA68-4F68-AE00-2B8549BA4694}
		{5CB38A44-B80B-4F1C-AEAA-3CEEEA636E8E} = {95173C6D-E127-421F-B9EC-16B60D9F59EA}
		{9C4817DB-C65A-40E5-9754-B9155175E8DD} = {C045134A-B409-4FE0-8629-4A09C13BDE1D}
		{28533214-9030-48B5-8477-4511BD142EBC} = {9C4817DB-C65A-40E5-9754-B9155175E8DD}
		{B74641D9-F9C2-4BB9-A746-F4EC93C41B86} = {A899BB18-4A7C-4502-9D8A-E92906C954C2}
		{AA0D24B3-D93D-42F4-BB22-BB9674F91D66} = {B74641D9-F9C2-4BB9-A746-F4EC93C41B86}
		{49A749C4-67D2-4A18-BEF9-2DB41404CF2F} = {480C6807-AA68-4F68-AE00-2B8549BA4694}
		{46940BFF-C739-4031-A328-A1CB51C4FBC2} = {49A749C4-67D2-4A18-BEF9-2DB41404CF2F}
	EndGlobalSection
	GlobalSection(ExtensibilityGlobals) = postSolution
		SolutionGuid = {046F95EE-7CE2-4A1C-A77D-328A96F41B41}
	EndGlobalSection
EndGlobal
